# This file is automatically @generated by Cargo.
# It is not intended for manual editing.
version = 4

[[package]]
name = "maho-agent"
version = "0.0.0"

[[package]]
name = "maho-ai"
version = "0.0.0"

[[package]]
name = "maho-ast-grep-mcp"
version = "0.0.0"

[[package]]
name = "maho-boulder-state"
version = "0.0.0"

[[package]]
name = "maho-cli"
version = "0.0.0"

[[package]]
name = "maho-codemode"
version = "0.0.0"

[[package]]
name = "maho-comment-checker-core"
version = "0.0.0"

[[package]]
name = "maho-config-migration"
version = "0.0.0"

[[package]]
name = "maho-core"
version = "0.0.0"

[[package]]
name = "maho-delegate-core"
version = "0.0.0"

[[package]]
name = "maho-ext-account"
version = "0.0.0"

[[package]]
name = "maho-ext-anthropic-bash"
version = "0.0.0"

[[package]]
name = "maho-ext-anthropic-subscription"
version = "0.0.0"

[[package]]
name = "maho-ext-anthropic-web-search"
version = "0.0.0"

[[package]]
name = "maho-ext-api"
version = "0.0.0"

[[package]]
name = "maho-ext-ask-user"
version = "0.0.0"

[[package]]
name = "maho-ext-bash-timeout"
version = "0.0.0"

[[package]]
name = "maho-ext-btw"
version = "0.0.0"

[[package]]
name = "maho-ext-builtin-loose"
version = "0.0.0"

[[package]]
name = "maho-ext-cache-keepalive"
version = "0.0.0"

[[package]]
name = "maho-ext-compaction"
version = "0.0.0"

[[package]]
name = "maho-ext-config-reload"
version = "0.0.0"

[[package]]
name = "maho-ext-cursor-cli-oauth"
version = "0.0.0"

[[package]]
name = "maho-ext-ferryx-agent-state"
version = "0.0.0"

[[package]]
name = "maho-ext-goal"
version = "0.0.0"

[[package]]
name = "maho-ext-gpt-apply-patch"
version = "0.0.0"

[[package]]
name = "maho-ext-help"
version = "0.0.0"

[[package]]
name = "maho-ext-herdr"
version = "0.0.0"

[[package]]
name = "maho-ext-herdr-agent-state"
version = "0.0.0"

[[package]]
name = "maho-ext-history-search"
version = "0.0.0"

[[package]]
name = "maho-ext-hooks"
version = "0.0.0"

[[package]]
name = "maho-ext-host"
version = "0.0.0"

[[package]]
name = "maho-ext-imagegen"
version = "0.0.0"

[[package]]
name = "maho-ext-look-at"
version = "0.0.0"

[[package]]
name = "maho-ext-loop"
version = "0.0.0"

[[package]]
name = "maho-ext-loop-guard"
version = "0.0.0"

[[package]]
name = "maho-ext-mcp"
version = "0.0.0"

[[package]]
name = "maho-ext-model-fallback"
version = "0.0.0"

[[package]]
name = "maho-ext-nested-agents-md"
version = "0.0.0"

[[package]]
name = "maho-ext-omo-zcode-oauth"
version = "0.0.0"

[[package]]
name = "maho-ext-openai-image-gen"
version = "0.0.0"

[[package]]
name = "maho-ext-openai-web-search"
version = "0.0.0"

[[package]]
name = "maho-ext-orca-agent-status"
version = "0.0.0"

[[package]]
name = "maho-ext-orca-prefill"
version = "0.0.0"

[[package]]
name = "maho-ext-orca-titlebar-spinner"
version = "0.0.0"

[[package]]
name = "maho-ext-permission-system"
version = "0.0.0"

[[package]]
name = "maho-ext-pi-ast-grep"
version = "0.0.0"

[[package]]
name = "maho-ext-pi-comment-checker"
version = "0.0.0"

[[package]]
name = "maho-ext-pi-goal"
version = "0.0.0"

[[package]]
name = "maho-ext-pi-nested-agents-md"
version = "0.0.0"

[[package]]
name = "maho-ext-pi-rules"
version = "0.0.0"

[[package]]
name = "maho-ext-pi-webfetch"
version = "0.0.0"

[[package]]
name = "maho-ext-pi-websearch"
version = "0.0.0"

[[package]]
name = "maho-ext-prompt-preset"
version = "0.0.0"

[[package]]
name = "maho-ext-quiet-model-profile"
version = "0.0.0"

[[package]]
name = "maho-ext-reasoning"
version = "0.0.0"

[[package]]
name = "maho-ext-recommended-models"
version = "0.0.0"

[[package]]
name = "maho-ext-rule-activation"
version = "0.0.0"

[[package]]
name = "maho-ext-rules"
version = "0.0.0"

[[package]]
name = "maho-ext-terminal"
version = "0.0.0"

[[package]]
name = "maho-ext-todotools"
version = "0.0.0"

[[package]]
name = "maho-ext-tool-pair-guard"
version = "0.0.0"

[[package]]
name = "maho-ext-tool-search"
version = "0.0.0"

[[package]]
name = "maho-ext-ttsr"
version = "0.0.0"

[[package]]
name = "maho-ext-video-in"
version = "0.0.0"

[[package]]
name = "maho-ext-webfetch"
version = "0.0.0"

[[package]]
name = "maho-ext-websearch"
version = "0.0.0"

[[package]]
name = "maho-grep"
version = "0.0.0"

[[package]]
name = "maho-interactive"
version = "0.0.0"

[[package]]
name = "maho-lsp-core"
version = "0.0.0"

[[package]]
name = "maho-lsp-daemon"
version = "0.0.0"

[[package]]
name = "maho-mcp-stdio-core"
version = "0.0.0"

[[package]]
name = "maho-memory-core"
version = "0.0.0"

[[package]]
name = "maho-model-core"
version = "0.0.0"

[[package]]
name = "maho-omo"
version = "0.0.0"

[[package]]
name = "maho-omo-agent-home"
version = "0.0.0"

[[package]]
name = "maho-omo-ast-grep"
version = "0.0.0"

[[package]]
name = "maho-omo-comment-checker"
version = "0.0.0"

[[package]]
name = "maho-omo-config-core"
version = "0.0.0"

[[package]]
name = "maho-omo-config-resolution"
version = "0.0.0"

[[package]]
name = "maho-omo-config-startup"
version = "0.0.0"

[[package]]
name = "maho-omo-config-watch"
version = "0.0.0"

[[package]]
name = "maho-omo-fallback-architect"
version = "0.0.0"

[[package]]
name = "maho-omo-init-deep-advisor"
version = "0.0.0"

[[package]]
name = "maho-omo-lsp"
version = "0.0.0"

[[package]]
name = "maho-omo-mass-ulw"
version = "0.0.0"

[[package]]
name = "maho-omo-memory"
version = "0.0.0"

[[package]]
name = "maho-omo-native-badge"
version = "0.0.0"

[[package]]
name = "maho-omo-onboarding"
version = "0.0.0"

[[package]]
name = "maho-omo-start-work-continuation"
version = "0.0.0"

[[package]]
name = "maho-omo-task"
version = "0.0.0"

[[package]]
name = "maho-omo-telemetry"
version = "0.0.0"

[[package]]
name = "maho-omo-todo-fanout-reminder"
version = "0.0.0"

[[package]]
name = "maho-omo-ultrawork"
version = "0.0.0"

[[package]]
name = "maho-omo-ulw-loop"
version = "0.0.0"

[[package]]
name = "maho-pty"
version = "0.0.0"

[[package]]
name = "maho-rpc"
version = "0.0.0"

[[package]]
name = "maho-senpi-task"
version = "0.0.0"

[[package]]
name = "maho-server"
version = "0.0.0"

[[package]]
name = "maho-team-core"
version = "0.0.0"

[[package]]
name = "maho-telemetry-core"
version = "0.0.0"

[[package]]
name = "maho-test-support"
version = "0.0.0"

[[package]]
name = "maho-tmux-core"
version = "0.0.0"

[[package]]
name = "maho-tools"
version = "0.0.0"

[[package]]
name = "maho-tui"
version = "0.0.0"

[[package]]
name = "maho-utils"
version = "0.0.0"
